{
  "version": "3",
  "packages": {
    "specifiers": {
      "npm:mongodb@6.6.1": "npm:mongodb@6.6.1"
    },
    "npm": {
      "@mongodb-js/saslprep@1.1.7": {
        "integrity": "sha512-dCHW/oEX0KJ4NjDULBo3JiOaK5+6axtpBbS+ao2ZInoAL9/YRQLhXzSNAFz7hP4nzLkIqsfYAK/PDE3+XHny0Q==",
        "dependencies": {
          "sparse-bitfield": "sparse-bitfield@3.0.3"
        }
      },
      "@types/webidl-conversions@7.0.3": {
        "integrity": "sha512-CiJJvcRtIgzadHCYXw7dqEnMNRjhGZlYK05Mj9OyktqV8uVT8fD2BFOB7S1uwBE3Kj2Z+4UyPmFw/Ixgw/LAlA==",
        "dependencies": {}
      },
      "@types/whatwg-url@11.0.4": {
        "integrity": "sha512-lXCmTWSHJvf0TRSO58nm978b8HJ/EdsSsEKLd3ODHFjo+3VGAyyTp4v50nWvwtzBxSMQrVOK7tcuN0zGPLICMw==",
        "dependencies": {
          "@types/webidl-conversions": "@types/webidl-conversions@7.0.3"
        }
      },
      "bson@6.7.0": {
        "integrity": "sha512-w2IquM5mYzYZv6rs3uN2DZTOBe2a0zXLj53TGDqwF4l6Sz/XsISrisXOJihArF9+BZ6Cq/GjVht7Sjfmri7ytQ==",
        "dependencies": {}
      },
      "memory-pager@1.5.0": {
        "integrity": "sha512-ZS4Bp4r/Zoeq6+NLJpP+0Zzm0pR8whtGPf1XExKLJBAczGMnSi3It14OiNCStjQjM6NU1okjQGSxgEZN8eBYKg==",
        "dependencies": {}
      },
      "mongodb-connection-string-url@3.0.1": {
        "integrity": "sha512-XqMGwRX0Lgn05TDB4PyG2h2kKO/FfWJyCzYQbIhXUxz7ETt0I/FqHjUeqj37irJ+Dl1ZtU82uYyj14u2XsZKfg==",
        "dependencies": {
          "@types/whatwg-url": "@types/whatwg-url@11.0.4",
          "whatwg-url": "whatwg-url@13.0.0"
        }
      },
      "mongodb@6.6.1": {
        "integrity": "sha512-FvA9ocQzRzzvhin1HHLrZDEm0gWvnksbiciYrU/0GmET/t/DdDiMJroA7rfDrHM3AInwGVYw2fwAU2oNYUyUEw==",
        "dependencies": {
          "@mongodb-js/saslprep": "@mongodb-js/saslprep@1.1.7",
          "bson": "bson@6.7.0",
          "mongodb-connection-string-url": "mongodb-connection-string-url@3.0.1"
        }
      },
      "punycode@2.3.1": {
        "integrity": "sha512-vYt7UD1U9Wg6138shLtLOvdAu+8DsC/ilFtEVHcH+wydcSpNE20AfSOduf6MkRFahL5FY7X1oU7nKVZFtfq8Fg==",
        "dependencies": {}
      },
      "sparse-bitfield@3.0.3": {
        "integrity": "sha512-kvzhi7vqKTfkh0PZU+2D2PIllw2ymqJKujUcyPMd9Y75Nv4nPbGJZXNhxsgdQab2BmlDct1YnfQCguEvHr7VsQ==",
        "dependencies": {
          "memory-pager": "memory-pager@1.5.0"
        }
      },
      "tr46@4.1.1": {
        "integrity": "sha512-2lv/66T7e5yNyhAAC4NaKe5nVavzuGJQVVtRYLyQ2OI8tsJ61PMLlelehb0wi2Hx6+hT/OJUWZcw8MjlSRnxvw==",
        "dependencies": {
          "punycode": "punycode@2.3.1"
        }
      },
      "webidl-conversions@7.0.0": {
        "integrity": "sha512-VwddBukDzu71offAQR975unBIGqfKZpM+8ZX6ySk8nYhVoo5CYaZyzt3YBvYtRtO+aoGlqxPg/B87NGVZ/fu6g==",
        "dependencies": {}
      },
      "whatwg-url@13.0.0": {
        "integrity": "sha512-9WWbymnqj57+XEuqADHrCJ2eSXzn8WXIW/YSGaZtb2WKAInQ6CHfaUUcTyyver0p8BDg5StLQq8h1vtZuwmOig==",
        "dependencies": {
          "tr46": "tr46@4.1.1",
          "webidl-conversions": "webidl-conversions@7.0.0"
        }
      }
    }
  },
  "redirects": {
    "https://lib.deno.dev/x/grammy@1.x/mod.ts": "https://deno.land/x/grammy@v1.23.0/mod.ts",
    "https://lib.deno.dev/x/grammy@1.x/types.ts": "https://deno.land/x/grammy@v1.23.0/types.ts",
    "https://lib.deno.dev/x/grammy@v1/mod.ts": "https://deno.land/x/grammy@v1.23.0/mod.ts",
    "https://lib.deno.dev/x/grammy@v1/types.ts": "https://deno.land/x/grammy@v1.23.0/types.ts"
  },
  "remote": {
    "https://cdn.skypack.dev/-/debug@v4.3.4-o4liVvMlOnQWbLSYZMXw/dist=es2019,mode=imports/optimized/debug.js": "671100993996e39b501301a87000607916d4d2d9f8fc8e9c5200ae5ba64a1389",
    "https://cdn.skypack.dev/-/ms@v2.1.2-giBDZ1IA5lmQ3ZXaa87V/dist=es2019,mode=imports/optimized/ms.js": "fd88e2d51900437011f1ad232f3393ce97db1b87a7844b3c58dd6d65562c1276",
    "https://cdn.skypack.dev/debug@4.3.4": "7b1d010cc930f71b940ba5941da055bc181115229e29de7214bdb4425c68ea76",
    "https://deno.land/std@0.192.0/_util/asserts.ts": "178dfc49a464aee693a7e285567b3d0b555dc805ff490505a8aae34f9cfb1462",
    "https://deno.land/std@0.192.0/_util/os.ts": "d932f56d41e4f6a6093d56044e29ce637f8dcc43c5a90af43504a889cf1775e3",
    "https://deno.land/std@0.192.0/path/_constants.ts": "e49961f6f4f48039c0dfed3c3f93e963ca3d92791c9d478ac5b43183413136e0",
    "https://deno.land/std@0.192.0/path/_interface.ts": "6471159dfbbc357e03882c2266d21ef9afdb1e4aa771b0545e90db58a0ba314b",
    "https://deno.land/std@0.192.0/path/_util.ts": "d7abb1e0dea065f427b89156e28cdeb32b045870acdf865833ba808a73b576d0",
    "https://deno.land/std@0.192.0/path/common.ts": "ee7505ab01fd22de3963b64e46cff31f40de34f9f8de1fff6a1bd2fe79380000",
    "https://deno.land/std@0.192.0/path/glob.ts": "d479e0a695621c94d3fd7fe7abd4f9499caf32a8de13f25073451c6ef420a4e1",
    "https://deno.land/std@0.192.0/path/mod.ts": "f065032a7189404fdac3ad1a1551a9ac84751d2f25c431e101787846c86c79ef",
    "https://deno.land/std@0.192.0/path/posix.ts": "8b7c67ac338714b30c816079303d0285dd24af6b284f7ad63da5b27372a2c94d",
    "https://deno.land/std@0.192.0/path/separator.ts": "0fb679739d0d1d7bf45b68dacfb4ec7563597a902edbaf3c59b50d5bcadd93b1",
    "https://deno.land/std@0.192.0/path/win32.ts": "d186344e5583bcbf8b18af416d13d82b35a317116e6460a5a3953508c3de5bba",
    "https://deno.land/std@0.211.0/path/_common/assert_path.ts": "2ca275f36ac1788b2acb60fb2b79cb06027198bc2ba6fb7e163efaedde98c297",
    "https://deno.land/std@0.211.0/path/_common/basename.ts": "569744855bc8445f3a56087fd2aed56bdad39da971a8d92b138c9913aecc5fa2",
    "https://deno.land/std@0.211.0/path/_common/constants.ts": "dc5f8057159f4b48cd304eb3027e42f1148cf4df1fb4240774d3492b5d12ac0c",
    "https://deno.land/std@0.211.0/path/_common/strip_trailing_separators.ts": "7024a93447efcdcfeaa9339a98fa63ef9d53de363f1fbe9858970f1bba02655a",
    "https://deno.land/std@0.211.0/path/_os.ts": "8fb9b90fb6b753bd8c77cfd8a33c2ff6c5f5bc185f50de8ca4ac6a05710b2c15",
    "https://deno.land/std@0.211.0/path/basename.ts": "5d341aadb7ada266e2280561692c165771d071c98746fcb66da928870cd47668",
    "https://deno.land/std@0.211.0/path/posix/_util.ts": "1e3937da30f080bfc99fe45d7ed23c47dd8585c5e473b2d771380d3a6937cf9d",
    "https://deno.land/std@0.211.0/path/posix/basename.ts": "39ee27a29f1f35935d3603ccf01d53f3d6e0c5d4d0f84421e65bd1afeff42843",
    "https://deno.land/std@0.211.0/path/windows/_util.ts": "d5f47363e5293fced22c984550d5e70e98e266cc3f31769e1710511803d04808",
    "https://deno.land/std@0.211.0/path/windows/basename.ts": "e2dbf31d1d6385bfab1ce38c333aa290b6d7ae9e0ecb8234a654e583cf22f8fe",
    "https://deno.land/std@v0.224.0/dotenv/mod.ts": "0180eaeedaaf88647318811cdaa418cc64dc51fb08354f91f5f480d0a1309f7d",
    "https://deno.land/std@v0.224.0/dotenv/parse.ts": "09977ff88dfd1f24f9973a338f0f91bbdb9307eb5ff6085446e7c423e4c7ba0c",
    "https://deno.land/std@v0.224.0/dotenv/stringify.ts": "275da322c409170160440836342eaa7cf012a1d11a7e700d8ca4e7f2f8aa4615",
    "https://deno.land/x/fluent@0.0.1/bundle/ast.ts": "5b6c57e6115ca4497fc15be9a854053c0700cbadb680956b8719d6e40eacc759",
    "https://deno.land/x/fluent@0.0.1/bundle/builtins.ts": "cdcb96c0b4d39bff48acf842c99e5df7262bd2a7dc8488cd6c73af3ecd3f783f",
    "https://deno.land/x/fluent@0.0.1/bundle/bundle.ts": "fd5822c4fb8b094896620c5f825280b3bb1acc8cf757c0c33666564771e319f4",
    "https://deno.land/x/fluent@0.0.1/bundle/memoizer.ts": "145e4d64156bca1f7fac51ca47eb31e15b0b31304ba4c8a1fe05e95a8ca85a96",
    "https://deno.land/x/fluent@0.0.1/bundle/mod.ts": "3cc7b28a32c4739fcccdac11d57b287af2b1cf3aa394c45a54028f196d82f405",
    "https://deno.land/x/fluent@0.0.1/bundle/resolver.ts": "58d0f9acc538b7306eb0e5b6838d40168bb0d025e53ddbb07be30003034062b9",
    "https://deno.land/x/fluent@0.0.1/bundle/resource.ts": "ae9f2a10d6f4c5ea5e944458f5ff7323356e8d75959c38be840a6c9cbca0e9e9",
    "https://deno.land/x/fluent@0.0.1/bundle/scope.ts": "a3978a7b22ee3f4f6abbaf9f42b1689fe4de9f59969c9731cfaf5ad31d153f4a",
    "https://deno.land/x/fluent@0.0.1/bundle/types.ts": "6e1b13bdd1fd8c9871bf2505479c90b8df5c527e728b4b1002f2e37529db3e58",
    "https://deno.land/x/fluent@0.0.1/langneg/accepted_languages.ts": "ecd1ba4b6bdbc5f39aae02cc32f635e7804ed53e98b48e3fdcb3d37f95db37c2",
    "https://deno.land/x/fluent@0.0.1/langneg/locale.ts": "2256820338dd9a1c5b5865b504a0a6b23cb15b51b7c54063cb04d08db21e007c",
    "https://deno.land/x/fluent@0.0.1/langneg/matches.ts": "d1f3ffc22e806b45b371d1efe8fc6aa1fa3dd861c150f30bd110498fee636b38",
    "https://deno.land/x/fluent@0.0.1/langneg/mod.ts": "0a90ba0878e57d899e96b25f71feb29c5b0339b216a5f90fa3edb0750ca8ff3b",
    "https://deno.land/x/fluent@0.0.1/langneg/negotiate_languages.ts": "0ad36deb38c1668c86ef84044e97d83bf6b135a06e941d7591f0e4c4339058dd",
    "https://deno.land/x/grammy@v1.23.0/bot.ts": "1b7453e899ef2d478047d03fd0da52db3dc4351f892117f06f8cc8c596d1d4ac",
    "https://deno.land/x/grammy@v1.23.0/composer.ts": "a86dcd6c83e91f720ceb85dab2b1c7b966fc18fc6440848b87b4897fcaa63fc8",
    "https://deno.land/x/grammy@v1.23.0/context.ts": "717e14e14189fc33463d3b128f9350fa61a17ac6b3bce24d1eeac3c43023277c",
    "https://deno.land/x/grammy@v1.23.0/convenience/constants.ts": "4df7992fbdac5bca4f7352b6bd7e5b24c391901ff59ee3982570a40d8d6a28a6",
    "https://deno.land/x/grammy@v1.23.0/convenience/frameworks.ts": "6a535734adcef9ca3f662e761fd5ab0067213a13e85340cc932624b4062e9264",
    "https://deno.land/x/grammy@v1.23.0/convenience/inline_query.ts": "409d1940c7670708064efa495003bcbfdf6763a756b2e6303c464489fd3394ff",
    "https://deno.land/x/grammy@v1.23.0/convenience/input_media.ts": "7af72a5fdb1af0417e31b1327003f536ddfdf64e06ab8bc7f5da6b574de38658",
    "https://deno.land/x/grammy@v1.23.0/convenience/keyboard.ts": "88aeab16f2aaf0b4098135b5f7a678f7d2ce288f28c7eba93eaa5553a7395152",
    "https://deno.land/x/grammy@v1.23.0/convenience/session.ts": "931fc31b58c6c9fee1d969505027e060fc5a2784a9219d9303da84e849532071",
    "https://deno.land/x/grammy@v1.23.0/convenience/webhook.ts": "f1da7d6426171fb7b5d5f6b59633f91d3bab9a474eea821f714932650965eb9e",
    "https://deno.land/x/grammy@v1.23.0/core/api.ts": "c75de4cc967eceb3f73b1255f133ede6536f48f3f5fd5dcc3053756feca3146c",
    "https://deno.land/x/grammy@v1.23.0/core/client.ts": "df622a135e71229ffe722406850c9c08b90dcdd4d049b46926128599c73f9dc5",
    "https://deno.land/x/grammy@v1.23.0/core/error.ts": "553ec19e1ec51d8161d7f54891d345533aa07232005575549e8b7c919ee4795e",
    "https://deno.land/x/grammy@v1.23.0/core/payload.ts": "420e17c3c2830b5576ea187cfce77578fe09f1204b25c25ea2f220ca7c86e73b",
    "https://deno.land/x/grammy@v1.23.0/filter.ts": "21b0822681b6bf00e8896928d4024244eb3439bdcc5762b1787b11d256fbf0ff",
    "https://deno.land/x/grammy@v1.23.0/mod.ts": "7723e08709ff7fd01df3e463503e14e4fd1a581669380eed70351e1121e8a833",
    "https://deno.land/x/grammy@v1.23.0/platform.deno.ts": "68272a7e1d9a2d74d8a45342526485dbc0531dee812f675d7f8a4e7fc8393028",
    "https://deno.land/x/grammy@v1.23.0/types.deno.ts": "6677ea9774813cac0853bddcbf3bf8aced4058640dd9c98e6c7f3ebb051d0c87",
    "https://deno.land/x/grammy@v1.23.0/types.ts": "729415590dfa188dbe924dea614dff4e976babdbabb28a307b869fc25777cdf0",
    "https://deno.land/x/grammy_conversations@v1.2.0/conversation.ts": "4bcad06e2ac562969a7a6661bb1cf1477a3fe9e537c18419de65c456feb69499",
    "https://deno.land/x/grammy_conversations@v1.2.0/deps.deno.ts": "c982798d7ca4cd3ebcd5a24319d03c5980dc47827b5a172a77022859abdb404e",
    "https://deno.land/x/grammy_conversations@v1.2.0/form.ts": "d2d527fdcb26eb489b4aa1a183ae3aa14bf185a375ebf7d5c6ab8360e8b0e170",
    "https://deno.land/x/grammy_conversations@v1.2.0/mod.ts": "4234b7a353ebb6770352c8b1fcafb0de40abd764cc44ae018f10b29c3a065b50",
    "https://deno.land/x/grammy_conversations@v1.2.0/utils.ts": "139ebe78dbf078d3bbf8cbc78ad286125a08e7e7895d4985fff7be9cef328e20",
    "https://deno.land/x/grammy_i18n@v1.0.2/deps.ts": "456e85738888bb7965532e7e80051d518a809cf7e2397c35ba7bed0dc294364c",
    "https://deno.land/x/grammy_i18n@v1.0.2/fluent.ts": "c4d6b4cf7aede9c25227b3e09aacc42e6ff381ef80bf1b476ba3ffdee284f74c",
    "https://deno.land/x/grammy_i18n@v1.0.2/i18n.ts": "96f86047a5bbfd2a1115fb2b4fa495048754fb68a19c1358f4e5e9e7be21cbdb",
    "https://deno.land/x/grammy_i18n@v1.0.2/mod.ts": "3250f0ecb81d4f0d7839b1d344c9453c5b7a79b7fca7d50b7ea89f91b7856cd9",
    "https://deno.land/x/grammy_i18n@v1.0.2/types.ts": "9c142bbc7cbe6408e503853e52b08ebff6bddb7d94169628c95020374e5fbdef",
    "https://deno.land/x/grammy_i18n@v1.0.2/utils.ts": "2a719dfa830f764d62e2d7905bed01da18a9d331203e5bdfa20d177d48a2f809",
    "https://deno.land/x/grammy_i18n@v1.0.2/warning.ts": "65c80833a93d5c37fe691125998b50268c11ecd070c8e85e0ce7d220ad7a3d37",
    "https://deno.land/x/grammy_menu@v1.2.1/deps.deno.ts": "a94bbf0a453a4b8f0e2fd95b6da254433ecd3a828cabca3bd871558319bd2c7d",
    "https://deno.land/x/grammy_menu@v1.2.1/menu.ts": "8948b421f87efbedc220d64ef215e0c10b1330aa9895ec4e3fa5129d1e231aab",
    "https://deno.land/x/grammy_menu@v1.2.1/mod.ts": "ec3d890cabdb7ee1ea72f5fcd1b0b05a84c208975c34251e8a0e9a595e40713b",
    "https://deno.land/x/grammy_runner@v2.0.3/deps.deno.ts": "bbbaffd1020e0c91acacf02fbc43cdaee04f1d63446cb6a42255d36a0c0e86d4",
    "https://deno.land/x/grammy_runner@v2.0.3/distribute.ts": "318ed928c437ce0a09956abfa40c0b937bb507dc276bc3db5d571e15a4d1ede1",
    "https://deno.land/x/grammy_runner@v2.0.3/mod.ts": "53c08b39527b0b47ffdf4c5996bc3cfbac802ab37074a7b900b2a63d3db273d3",
    "https://deno.land/x/grammy_runner@v2.0.3/platform.deno.ts": "5990d453979176708af79baea54ba2bc4bdc662079f088ce7668b9f4d1962b8c",
    "https://deno.land/x/grammy_runner@v2.0.3/queue.ts": "d715f98096405c558c2657ef245b5acd1b5de916eed39dbad1399db18e57e0f7",
    "https://deno.land/x/grammy_runner@v2.0.3/runner.ts": "2600b9bd39e724d5c629c94e541f497868dfde6cf55be7745dc1d777c8a8b180",
    "https://deno.land/x/grammy_runner@v2.0.3/sequentialize.ts": "137764a109ff3fe4bc8809b6d1d8865ed5c2ad8b649e7553b10302d70bf2e7fb",
    "https://deno.land/x/grammy_runner@v2.0.3/sink.ts": "4c0acb814dee97ffffaea145413b53ccf64c0b00f105b0993383f25111ed8702",
    "https://deno.land/x/grammy_runner@v2.0.3/source.ts": "68ce5aefa92205db4710c8ac313e0c8e8c2577dd1b88f350b32ee33549188d01",
    "https://deno.land/x/grammy_runner@v2.0.3/worker.ts": "b6f88b9fde15a8dd892c8d4781e8010ef37b80faf04d6ad18db4a43e4faa42ad",
    "https://deno.land/x/grammy_types@v3.7.0/api.ts": "ae04d6628e3d25ae805bc07a19475065044fc44cde0a40877405bc3544d03a5f",
    "https://deno.land/x/grammy_types@v3.7.0/inline.ts": "5d298c0c8324633f3c2341c5ad6035dd4a09431de633628c31358c635ef7e620",
    "https://deno.land/x/grammy_types@v3.7.0/manage.ts": "1520ae589dbfcdbfba1b8dcf5486c18ec880aaa7382e2ccf4f9176e8f79aa0e9",
    "https://deno.land/x/grammy_types@v3.7.0/markup.ts": "386a81f6b61c2f3d529353e91406839c59b9886afe3d4c9d97733611792181df",
    "https://deno.land/x/grammy_types@v3.7.0/message.ts": "43dde0dd8d4d5a0ff569cd425b8fe28081480e3b800da4b7805ef7d0440bd1e9",
    "https://deno.land/x/grammy_types@v3.7.0/methods.ts": "56e2b5a19b6d3ec365e85e09eeab9e2b8585ad5b2a36aef26966bdb4c309607a",
    "https://deno.land/x/grammy_types@v3.7.0/mod.ts": "7b5f421b4fbb1761f7f0d68328eaddd515f3222ce3f3cdfbedd8d5a4781e91a7",
    "https://deno.land/x/grammy_types@v3.7.0/passport.ts": "19820e7d6c279521f8bc8912d6a378239f73d4ab525453808994b5f44ef95215",
    "https://deno.land/x/grammy_types@v3.7.0/payment.ts": "d23e9038c5b479b606e620dd84e3e67b6642ada110a962f2d5b5286e99ec7de5",
    "https://deno.land/x/grammy_types@v3.7.0/settings.ts": "5e989f5bd6c587d55673bd8052293869aa2f372e9223dd7f6e28632bfe021b6e",
    "https://deno.land/x/grammy_types@v3.7.0/update.ts": "7033ebfbecf6fbbd2d68f7a3550c9b04e553228a2143104fc63c42dd7f8f6881",
    "https://deno.land/x/oson@1.0.1/constructors.ts": "2b77dcdc8d8db5ece2860d1657f4dcef37dd761684f1d4b9535c7e56a0fbfcf6",
    "https://deno.land/x/oson@1.0.1/mod.ts": "54e494dc517ce0de6c727c25d9731ccc748e8646c883e922dc5d656f523a4e5b",
    "https://deno.land/x/oson@1.0.1/oson.ts": "ec3908ae5c9ceff7bfd869d95a2183b929b9d96fbff44b57d28d3b742d06a4a1",
    "https://esm.sh/@grammyjs/auto-retry@2.0.1/": "e1d57f570853ab9dff2f95db6a3e74029fe268d08ba33b3d7060049137eaf1b1",
    "https://esm.sh/@isaacs/ttlcache@1.4.1/": "f804559fd2bc0c3bcd4816fd34828c5ce857e123a14eda1bfc8a00eafc4eaad7",
    "https://esm.sh/dayjs@1.11.11/": "2e79466d00e736017aa5ad92cb57ae330cade9982349a1635a3e64405bc0ef7b",
    "https://esm.sh/v135/@grammyjs/auto-retry@2.0.1/denonext/auto-retry.mjs": "b6efaaaae832cc5092be15496afe47e289e11a9bbc69f38cb2d2986f90750722",
    "https://esm.sh/v135/@isaacs/ttlcache@1.4.1/denonext/ttlcache.mjs": "cbe9f5ea296e42d94c6df9c1ff6400bfcecedb69ad627427d2eb0a258fd7d8b9",
    "https://esm.sh/v135/dayjs@1.11.11/denonext/dayjs.mjs": "f545411bdb2c344548a2848a87bdab216f5c25f0b300b46bd5c8e64b85f17fd0",
    "https://esm.sh/v135/debug@4.3.4/denonext/debug.mjs": "d2ebf776ea77aa7df1b4460eb2a4aab245a9d5b19f11fa1db25f756b350bae9d",
    "https://esm.sh/v135/grammy@1.22.4/denonext/grammy.mjs": "80262fb1bc61d9a032cd2666af22541835f058babe284e2de563a8a4294c527e",
    "https://esm.sh/v135/ms@2.1.2/denonext/ms.mjs": "aa4dc45ba72554c5011168f8910cc646c37af53cfff1a15a4decced838b8eb14"
  },
  "workspace": {
    "dependencies": [
      "npm:mongodb@6.6.1"
    ]
  }
}
